
Microsoft Visual Studio Solution File, Format Version 12.00
# Visual Studio Version 17
VisualStudioVersion = 17.7.34024.191
MinimumVisualStudioVersion = 10.0.40219.1
Project("{9A19103F-16F7-4668-BE54-9A1E7A4F7556}") = "DropGrid", "DropGrid\DropGrid.csproj", "{4124381C-A615-4FBB-9A14-C2E3DB75A967}"
EndProject
Project("{FAE04EC0-301F-11D3-BF4B-00C04F79EFBC}") = "DropGrid.Logic", "DropGrid.Logic\DropGrid.Logic.csproj", "{8771DB5A-585B-4FCD-AC21-A7C5532D3A13}"
EndProject
Project("{FAE04EC0-301F-11D3-BF4B-00C04F79EFBC}") = "DropGrid.Tests", "DropGrid.Tests\DropGrid.Tests.csproj", "{820B178E-C4BD-4A0C-AAF3-78B660F4B466}"
EndProject
Global
	GlobalSection(SolutionConfigurationPlatforms) = preSolution
		Debug|Any CPU = Debug|Any CPU
		Release|Any CPU = Release|Any CPU
	EndGlobalSection
	GlobalSection(ProjectConfigurationPlatforms) = postSolution
		{4124381C-A615-4FBB-9A14-C2E3DB75A967}.Debug|Any CPU.ActiveCfg = Debug|Any CPU
		{4124381C-A615-4FBB-9A14-C2E3DB75A967}.Debug|Any CPU.Build.0 = Debug|Any CPU
		{4124381C-A615-4FBB-9A14-C2E3DB75A967}.Release|Any CPU.ActiveCfg = Release|Any CPU
		{4124381C-A615-4FBB-9A14-C2E3DB75A967}.Release|Any CPU.Build.0 = Release|Any CPU
		{8771DB5A-585B-4FCD-AC21-A7C5532D3A13}.Debug|Any CPU.ActiveCfg = Debug|Any CPU
		{8771DB5A-585B-4FCD-AC21-A7C5532D3A13}.Debug|Any CPU.Build.0 = Debug|Any CPU
		{8771DB5A-585B-4FCD-AC21-A7C5532D3A13}.Release|Any CPU.ActiveCfg = Release|Any CPU
		{8771DB5A-585B-4FCD-AC21-A7C5532D3A13}.Release|Any CPU.Build.0 = Release|Any CPU
		{820B178E-C4BD-4A0C-AAF3-78B660F4B466}.Debug|Any CPU.ActiveCfg = Debug|Any CPU
		{820B178E-C4BD-4A0C-AAF3-78B660F4B466}.Debug|Any CPU.Build.0 = Debug|Any CPU
		{820B178E-C4BD-4A0C-AAF3-78B660F4B466}.Release|Any CPU.ActiveCfg = Release|Any CPU
		{820B178E-C4BD-4A0C-AAF3-78B660F4B466}.Release|Any CPU.Build.0 = Release|Any CPU
	EndGlobalSection
	GlobalSection(SolutionProperties) = preSolution
		HideSolutionNode = FALSE
	EndGlobalSection
	GlobalSection(ExtensibilityGlobals) = postSolution
		SolutionGuid = {06364A8B-609B-4580-B934-BE8EF89A6227}
	EndGlobalSection
EndGlobal
